// !$*UTF8*$!
{
	archiveVersion = 1;
	classes = {
	};
	objectVersion = 56;
	objects = {

/* Begin PBXBuildFile section */
		FC294CC52906AD1200B89C3D /* AppDelegate.swift in Sources */ = {isa = PBXBuildFile; fileRef = FC294CC42906AD1200B89C3D /* AppDelegate.swift */; };
		FC294CC72906AD1200B89C3D /* SceneDelegate.swift in Sources */ = {isa = PBXBuildFile; fileRef = FC294CC62906AD1200B89C3D /* SceneDelegate.swift */; };
		FC294CC92906AD1200B89C3D /* MainTableViewController.swift in Sources */ = {isa = PBXBuildFile; fileRef = FC294CC82906AD1200B89C3D /* MainTableViewController.swift */; };
		FC294CCC2906AD1200B89C3D /* Main.storyboard in Resources */ = {isa = PBXBuildFile; fileRef = FC294CCA2906AD1200B89C3D /* Main.storyboard */; };
		FC294CD12906AD1500B89C3D /* Assets.xcassets in Resources */ = {isa = PBXBuildFile; fileRef = FC294CD02906AD1500B89C3D /* Assets.xcassets */; };
		FC294CD42906AD1500B89C3D /* LaunchScreen.storyboard in Resources */ = {isa = PBXBuildFile; fileRef = FC294CD22906AD1500B89C3D /* LaunchScreen.storyboard */; };
		FC294CDF2906B05D00B89C3D /* FamilyModel.swift in Sources */ = {isa = PBXBuildFile; fileRef = FC294CDE2906B05C00B89C3D /* FamilyModel.swift */; };
		FC294CE22906BD1200B89C3D /* ParentTableViewCell.swift in Sources */ = {isa = PBXBuildFile; fileRef = FC294CE02906BD1200B89C3D /* ParentTableViewCell.swift */; };
		FC294CE32906BD1200B89C3D /* ParentTableViewCell.xib in Resources */ = {isa = PBXBuildFile; fileRef = FC294CE12906BD1200B89C3D /* ParentTableViewCell.xib */; };
		FC294CE92906C40A00B89C3D /* InputsView.swift in Sources */ = {isa = PBXBuildFile; fileRef = FC294CE72906C40A00B89C3D /* InputsView.swift */; };
		FC294CEC2906DF0C00B89C3D /* FamilyMember.swift in Sources */ = {isa = PBXBuildFile; fileRef = FC294CEB2906DF0C00B89C3D /* FamilyMember.swift */; };
		FC294CEF2906E05200B89C3D /* InputsViewDelegate.swift in Sources */ = {isa = PBXBuildFile; fileRef = FC294CEE2906E05200B89C3D /* InputsViewDelegate.swift */; };
		FC294CF22907118900B89C3D /* ParentInfoDelegate.swift in Sources */ = {isa = PBXBuildFile; fileRef = FC294CF12907118900B89C3D /* ParentInfoDelegate.swift */; };
		FC294CF529071EAF00B89C3D /* AddChildrenTableHeaderView.swift in Sources */ = {isa = PBXBuildFile; fileRef = FC294CF329071EAF00B89C3D /* AddChildrenTableHeaderView.swift */; };
		FC294CF629071EAF00B89C3D /* AddChildrenTableHeaderView.xib in Resources */ = {isa = PBXBuildFile; fileRef = FC294CF429071EAF00B89C3D /* AddChildrenTableHeaderView.xib */; };
		FC294CF8290725F600B89C3D /* AddChildrenDelegate.swift in Sources */ = {isa = PBXBuildFile; fileRef = FC294CF7290725F600B89C3D /* AddChildrenDelegate.swift */; };
		FC294CFB290726DF00B89C3D /* ChildTableViewCell.swift in Sources */ = {isa = PBXBuildFile; fileRef = FC294CF9290726DF00B89C3D /* ChildTableViewCell.swift */; };
		FC294CFC290726DF00B89C3D /* ChildTableViewCell.xib in Resources */ = {isa = PBXBuildFile; fileRef = FC294CFA290726DF00B89C3D /* ChildTableViewCell.xib */; };
		FC294CFE29072E7A00B89C3D /* ChildCellDelegate.swift in Sources */ = {isa = PBXBuildFile; fileRef = FC294CFD29072E7A00B89C3D /* ChildCellDelegate.swift */; };
		FC8C98E32908134B00511914 /* UIViewController.swift in Sources */ = {isa = PBXBuildFile; fileRef = FC8C98E22908134B00511914 /* UIViewController.swift */; };
		FC8C98E6290819C200511914 /* ParentHeaderView.swift in Sources */ = {isa = PBXBuildFile; fileRef = FC8C98E5290819C200511914 /* ParentHeaderView.swift */; };
		FC8C98E8290819E500511914 /* ParentHeaderView.xib in Resources */ = {isa = PBXBuildFile; fileRef = FC8C98E7290819E500511914 /* ParentHeaderView.xib */; };
		FC8C98EB29081BE700511914 /* ClearAllTableViewCell.swift in Sources */ = {isa = PBXBuildFile; fileRef = FC8C98EA29081BE700511914 /* ClearAllTableViewCell.swift */; };
		FC8C98ED29081C4200511914 /* ClearAllTableViewCell.xib in Resources */ = {isa = PBXBuildFile; fileRef = FC8C98EC29081C4200511914 /* ClearAllTableViewCell.xib */; };
		FC8C98EF29084BAF00511914 /* ClearTableDelegate.swift in Sources */ = {isa = PBXBuildFile; fileRef = FC8C98EE29084BAF00511914 /* ClearTableDelegate.swift */; };
		FC8C98F229085AE600511914 /* PossibleError.swift in Sources */ = {isa = PBXBuildFile; fileRef = FC8C98F129085AE500511914 /* PossibleError.swift */; };
/* End PBXBuildFile section */

/* Begin PBXFileReference section */
		FC294CC12906AD1200B89C3D /* Children Info.app */ = {isa = PBXFileReference; explicitFileType = wrapper.application; includeInIndex = 0; path = "Children Info.app"; sourceTree = BUILT_PRODUCTS_DIR; };
		FC294CC42906AD1200B89C3D /* AppDelegate.swift */ = {isa = PBXFileReference; lastKnownFileType = sourcecode.swift; path = AppDelegate.swift; sourceTree = "<group>"; };
		FC294CC62906AD1200B89C3D /* SceneDelegate.swift */ = {isa = PBXFileReference; lastKnownFileType = sourcecode.swift; path = SceneDelegate.swift; sourceTree = "<group>"; };
		FC294CC82906AD1200B89C3D /* MainTableViewController.swift */ = {isa = PBXFileReference; lastKnownFileType = sourcecode.swift; path = MainTableViewController.swift; sourceTree = "<group>"; };
		FC294CCB2906AD1200B89C3D /* Base */ = {isa = PBXFileReference; lastKnownFileType = file.storyboard; name = Base; path = Base.lproj/Main.storyboard; sourceTree = "<group>"; };
		FC294CD02906AD1500B89C3D /* Assets.xcassets */ = {isa = PBXFileReference; lastKnownFileType = folder.assetcatalog; path = Assets.xcassets; sourceTree = "<group>"; };
		FC294CD32906AD1500B89C3D /* Base */ = {isa = PBXFileReference; lastKnownFileType = file.storyboard; name = Base; path = Base.lproj/LaunchScreen.storyboard; sourceTree = "<group>"; };
		FC294CD52906AD1500B89C3D /* Info.plist */ = {isa = PBXFileReference; lastKnownFileType = text.plist.xml; path = Info.plist; sourceTree = "<group>"; };
		FC294CDE2906B05C00B89C3D /* FamilyModel.swift */ = {isa = PBXFileReference; lastKnownFileType = sourcecode.swift; path = FamilyModel.swift; sourceTree = "<group>"; };
		FC294CE02906BD1200B89C3D /* ParentTableViewCell.swift */ = {isa = PBXFileReference; lastKnownFileType = sourcecode.swift; path = ParentTableViewCell.swift; sourceTree = "<group>"; };
		FC294CE12906BD1200B89C3D /* ParentTableViewCell.xib */ = {isa = PBXFileReference; lastKnownFileType = file.xib; path = ParentTableViewCell.xib; sourceTree = "<group>"; };
		FC294CE72906C40A00B89C3D /* InputsView.swift */ = {isa = PBXFileReference; lastKnownFileType = sourcecode.swift; path = InputsView.swift; sourceTree = "<group>"; };
		FC294CEB2906DF0C00B89C3D /* FamilyMember.swift */ = {isa = PBXFileReference; lastKnownFileType = sourcecode.swift; path = FamilyMember.swift; sourceTree = "<group>"; };
		FC294CEE2906E05200B89C3D /* InputsViewDelegate.swift */ = {isa = PBXFileReference; lastKnownFileType = sourcecode.swift; path = InputsViewDelegate.swift; sourceTree = "<group>"; };
		FC294CF12907118900B89C3D /* ParentInfoDelegate.swift */ = {isa = PBXFileReference; lastKnownFileType = sourcecode.swift; path = ParentInfoDelegate.swift; sourceTree = "<group>"; };
		FC294CF329071EAF00B89C3D /* AddChildrenTableHeaderView.swift */ = {isa = PBXFileReference; lastKnownFileType = sourcecode.swift; path = AddChildrenTableHeaderView.swift; sourceTree = "<group>"; };
		FC294CF429071EAF00B89C3D /* AddChildrenTableHeaderView.xib */ = {isa = PBXFileReference; lastKnownFileType = file.xib; path = AddChildrenTableHeaderView.xib; sourceTree = "<group>"; };
		FC294CF7290725F600B89C3D /* AddChildrenDelegate.swift */ = {isa = PBXFileReference; lastKnownFileType = sourcecode.swift; path = AddChildrenDelegate.swift; sourceTree = "<group>"; };
		FC294CF9290726DF00B89C3D /* ChildTableViewCell.swift */ = {isa = PBXFileReference; lastKnownFileType = sourcecode.swift; path = ChildTableViewCell.swift; sourceTree = "<group>"; };
		FC294CFA290726DF00B89C3D /* ChildTableViewCell.xib */ = {isa = PBXFileReference; lastKnownFileType = file.xib; path = ChildTableViewCell.xib; sourceTree = "<group>"; };
		FC294CFD29072E7A00B89C3D /* ChildCellDelegate.swift */ = {isa = PBXFileReference; lastKnownFileType = sourcecode.swift; path = ChildCellDelegate.swift; sourceTree = "<group>"; };
		FC8C98E22908134B00511914 /* UIViewController.swift */ = {isa = PBXFileReference; lastKnownFileType = sourcecode.swift; path = UIViewController.swift; sourceTree = "<group>"; };
		FC8C98E5290819C200511914 /* ParentHeaderView.swift */ = {isa = PBXFileReference; lastKnownFileType = sourcecode.swift; path = ParentHeaderView.swift; sourceTree = "<group>"; };
		FC8C98E7290819E500511914 /* ParentHeaderView.xib */ = {isa = PBXFileReference; lastKnownFileType = file.xib; path = ParentHeaderView.xib; sourceTree = "<group>"; };
		FC8C98EA29081BE700511914 /* ClearAllTableViewCell.swift */ = {isa = PBXFileReference; lastKnownFileType = sourcecode.swift; path = ClearAllTableViewCell.swift; sourceTree = "<group>"; };
		FC8C98EC29081C4200511914 /* ClearAllTableViewCell.xib */ = {isa = PBXFileReference; lastKnownFileType = file.xib; path = ClearAllTableViewCell.xib; sourceTree = "<group>"; };
		FC8C98EE29084BAF00511914 /* ClearTableDelegate.swift */ = {isa = PBXFileReference; lastKnownFileType = sourcecode.swift; path = ClearTableDelegate.swift; sourceTree = "<group>"; };
		FC8C98F129085AE500511914 /* PossibleError.swift */ = {isa = PBXFileReference; lastKnownFileType = sourcecode.swift; path = PossibleError.swift; sourceTree = "<group>"; };
/* End PBXFileReference section */

/* Begin PBXFrameworksBuildPhase section */
		FC294CBE2906AD1200B89C3D /* Frameworks */ = {
			isa = PBXFrameworksBuildPhase;
			buildActionMask = 2147483647;
			files = (
			);
			runOnlyForDeploymentPostprocessing = 0;
		};
/* End PBXFrameworksBuildPhase section */

/* Begin PBXGroup section */
		FC294CB82906AD1200B89C3D = {
			isa = PBXGroup;
			children = (
				FC294CC32906AD1200B89C3D /* Children Info */,
				FC294CC22906AD1200B89C3D /* Products */,
			);
			sourceTree = "<group>";
		};
		FC294CC22906AD1200B89C3D /* Products */ = {
			isa = PBXGroup;
			children = (
				FC294CC12906AD1200B89C3D /* Children Info.app */,
			);
			name = Products;
			sourceTree = "<group>";
		};
		FC294CC32906AD1200B89C3D /* Children Info */ = {
			isa = PBXGroup;
			children = (
				FC294CC42906AD1200B89C3D /* AppDelegate.swift */,
				FC294CC62906AD1200B89C3D /* SceneDelegate.swift */,
				FC294CED2906E03200B89C3D /* Protocols */,
				FC294CDB2906AF1F00B89C3D /* Models */,
				FC294CDC2906AF4400B89C3D /* Views */,
				FC294CDD2906AF5200B89C3D /* Controllers */,
				FC8C98E12908132C00511914 /* Extensions */,
				FC294CFF2907329700B89C3D /* UI */,
				FC8C98F029085ABD00511914 /* Errors */,
				FC294CD02906AD1500B89C3D /* Assets.xcassets */,
				FC294CD22906AD1500B89C3D /* LaunchScreen.storyboard */,
				FC294CD52906AD1500B89C3D /* Info.plist */,
			);
			path = "Children Info";
			sourceTree = "<group>";
		};
		FC294CDB2906AF1F00B89C3D /* Models */ = {
			isa = PBXGroup;
			children = (
				FC294CDE2906B05C00B89C3D /* FamilyModel.swift */,
				FC294CEB2906DF0C00B89C3D /* FamilyMember.swift */,
			);
			path = Models;
			sourceTree = "<group>";
		};
		FC294CDC2906AF4400B89C3D /* Views */ = {
			isa = PBXGroup;
			children = (
				FC8C98E42908198600511914 /* Headers */,
				FC294CE42906BD1A00B89C3D /* Cells */,
				FC294CCA2906AD1200B89C3D /* Main.storyboard */,
			);
			path = Views;
			sourceTree = "<group>";
		};
		FC294CDD2906AF5200B89C3D /* Controllers */ = {
			isa = PBXGroup;
			children = (
				FC294CC82906AD1200B89C3D /* MainTableViewController.swift */,
			);
			path = Controllers;
			sourceTree = "<group>";
		};
		FC294CE42906BD1A00B89C3D /* Cells */ = {
			isa = PBXGroup;
			children = (
				FC294CE02906BD1200B89C3D /* ParentTableViewCell.swift */,
				FC294CE12906BD1200B89C3D /* ParentTableViewCell.xib */,
				FC294CF9290726DF00B89C3D /* ChildTableViewCell.swift */,
				FC294CFA290726DF00B89C3D /* ChildTableViewCell.xib */,
				FC8C98EA29081BE700511914 /* ClearAllTableViewCell.swift */,
				FC8C98EC29081C4200511914 /* ClearAllTableViewCell.xib */,
			);
			path = Cells;
			sourceTree = "<group>";
		};
		FC294CED2906E03200B89C3D /* Protocols */ = {
			isa = PBXGroup;
			children = (
				FC294CEE2906E05200B89C3D /* InputsViewDelegate.swift */,
				FC294CF12907118900B89C3D /* ParentInfoDelegate.swift */,
				FC294CF7290725F600B89C3D /* AddChildrenDelegate.swift */,
				FC294CFD29072E7A00B89C3D /* ChildCellDelegate.swift */,
				FC8C98EE29084BAF00511914 /* ClearTableDelegate.swift */,
			);
			path = Protocols;
			sourceTree = "<group>";
		};
		FC294CFF2907329700B89C3D /* UI */ = {
			isa = PBXGroup;
			children = (
				FC294CE72906C40A00B89C3D /* InputsView.swift */,
			);
			path = UI;
			sourceTree = "<group>";
		};
		FC8C98E12908132C00511914 /* Extensions */ = {
			isa = PBXGroup;
			children = (
				FC8C98E22908134B00511914 /* UIViewController.swift */,
			);
			path = Extensions;
			sourceTree = "<group>";
		};
		FC8C98E42908198600511914 /* Headers */ = {
			isa = PBXGroup;
			children = (
				FC294CF329071EAF00B89C3D /* AddChildrenTableHeaderView.swift */,
				FC294CF429071EAF00B89C3D /* AddChildrenTableHeaderView.xib */,
				FC8C98E5290819C200511914 /* ParentHeaderView.swift */,
				FC8C98E7290819E500511914 /* ParentHeaderView.xib */,
			);
			path = Headers;
			sourceTree = "<group>";
		};
		FC8C98F029085ABD00511914 /* Errors */ = {
			isa = PBXGroup;
			children = (
				FC8C98F129085AE500511914 /* PossibleError.swift */,
			);
			path = Errors;
			sourceTree = "<group>";
		};
/* End PBXGroup section */

/* Begin PBXNativeTarget section */
		FC294CC02906AD1200B89C3D /* Children Info */ = {
			isa = PBXNativeTarget;
			buildConfigurationList = FC294CD82906AD1500B89C3D /* Build configuration list for PBXNativeTarget "Children Info" */;
			buildPhases = (
				FC294CBD2906AD1200B89C3D /* Sources */,
				FC294CBE2906AD1200B89C3D /* Frameworks */,
				FC294CBF2906AD1200B89C3D /* Resources */,
			);
			buildRules = (
			);
			dependencies = (
			);
			name = "Children Info";
			productName = "Children Info";
			productReference = FC294CC12906AD1200B89C3D /* Children Info.app */;
			productType = "com.apple.product-type.application";
		};
/* End PBXNativeTarget section */

/* Begin PBXProject section */
		FC294CB92906AD1200B89C3D /* Project object */ = {
			isa = PBXProject;
			attributes = {
				BuildIndependentTargetsInParallel = 1;
				LastSwiftUpdateCheck = 1400;
				LastUpgradeCheck = 1400;
				TargetAttributes = {
					FC294CC02906AD1200B89C3D = {
						CreatedOnToolsVersion = 14.0.1;
					};
				};
			};
			buildConfigurationList = FC294CBC2906AD1200B89C3D /* Build configuration list for PBXProject "Children Info" */;
			compatibilityVersion = "Xcode 14.0";
			developmentRegion = en;
			hasScannedForEncodings = 0;
			knownRegions = (
				en,
				Base,
			);
			mainGroup = FC294CB82906AD1200B89C3D;
			productRefGroup = FC294CC22906AD1200B89C3D /* Products */;
			projectDirPath = "";
			projectRoot = "";
			targets = (
				FC294CC02906AD1200B89C3D /* Children Info */,
			);
		};
/* End PBXProject section */

/* Begin PBXResourcesBuildPhase section */
		FC294CBF2906AD1200B89C3D /* Resources */ = {
			isa = PBXResourcesBuildPhase;
			buildActionMask = 2147483647;
			files = (
				FC294CF629071EAF00B89C3D /* AddChildrenTableHeaderView.xib in Resources */,
				FC8C98E8290819E500511914 /* ParentHeaderView.xib in Resources */,
				FC294CD42906AD1500B89C3D /* LaunchScreen.storyboard in Resources */,
				FC294CFC290726DF00B89C3D /* ChildTableViewCell.xib in Resources */,
				FC294CE32906BD1200B89C3D /* ParentTableViewCell.xib in Resources */,
				FC294CD12906AD1500B89C3D /* Assets.xcassets in Resources */,
				FC294CCC2906AD1200B89C3D /* Main.storyboard in Resources */,
				FC8C98ED29081C4200511914 /* ClearAllTableViewCell.xib in Resources */,
			);
			runOnlyForDeploymentPostprocessing = 0;
		};
/* End PBXResourcesBuildPhase section */

/* Begin PBXSourcesBuildPhase section */
		FC294CBD2906AD1200B89C3D /* Sources */ = {
			isa = PBXSourcesBuildPhase;
			buildActionMask = 2147483647;
			files = (
				FC294CEF2906E05200B89C3D /* InputsViewDelegate.swift in Sources */,
				FC294CF8290725F600B89C3D /* AddChildrenDelegate.swift in Sources */,
				FC294CE92906C40A00B89C3D /* InputsView.swift in Sources */,
				FC8C98F229085AE600511914 /* PossibleError.swift in Sources */,
				FC294CC92906AD1200B89C3D /* MainTableViewController.swift in Sources */,
				FC294CDF2906B05D00B89C3D /* FamilyModel.swift in Sources */,
				FC294CF22907118900B89C3D /* ParentInfoDelegate.swift in Sources */,
				FC294CC52906AD1200B89C3D /* AppDelegate.swift in Sources */,
				FC294CC72906AD1200B89C3D /* SceneDelegate.swift in Sources */,
				FC294CFB290726DF00B89C3D /* ChildTableViewCell.swift in Sources */,
				FC294CE22906BD1200B89C3D /* ParentTableViewCell.swift in Sources */,
				FC294CF529071EAF00B89C3D /* AddChildrenTableHeaderView.swift in Sources */,
				FC294CEC2906DF0C00B89C3D /* FamilyMember.swift in Sources */,
				FC294CFE29072E7A00B89C3D /* ChildCellDelegate.swift in Sources */,
				FC8C98E32908134B00511914 /* UIViewController.swift in Sources */,
				FC8C98EB29081BE700511914 /* ClearAllTableViewCell.swift in Sources */,
				FC8C98E6290819C200511914 /* ParentHeaderView.swift in Sources */,
				FC8C98EF29084BAF00511914 /* ClearTableDelegate.swift in Sources */,
			);
			runOnlyForDeploymentPostprocessing = 0;
		};
/* End PBXSourcesBuildPhase section */

/* Begin PBXVariantGroup section */
		FC294CCA2906AD1200B89C3D /* Main.storyboard */ = {
			isa = PBXVariantGroup;
			children = (
				FC294CCB2906AD1200B89C3D /* Base */,
			);
			name = Main.storyboard;
			sourceTree = "<group>";
		};
		FC294CD22906AD1500B89C3D /* LaunchScreen.storyboard */ = {
			isa = PBXVariantGroup;
			children = (
				FC294CD32906AD1500B89C3D /* Base */,
			);
			name = LaunchScreen.storyboard;
			sourceTree = "<group>";
		};
/* End PBXVariantGroup section */

/* Begin XCBuildConfiguration section */
		FC294CD62906AD1500B89C3D /* Debug */ = {
			isa = XCBuildConfiguration;
			buildSettings = {
				ALWAYS_SEARCH_USER_PATHS = NO;
				CLANG_ANALYZER_NONNULL = YES;
				CLANG_ANALYZER_NUMBER_OBJECT_CONVERSION = YES_AGGRESSIVE;
				CLANG_CXX_LANGUAGE_STANDARD = "gnu++20";
				CLANG_ENABLE_MODULES = YES;
				CLANG_ENABLE_OBJC_ARC = YES;
				CLANG_ENABLE_OBJC_WEAK = YES;
				CLANG_WARN_BLOCK_CAPTURE_AUTORELEASING = YES;
				CLANG_WARN_BOOL_CONVERSION = YES;
				CLANG_WARN_COMMA = YES;
				CLANG_WARN_CONSTANT_CONVERSION = YES;
				CLANG_WARN_DEPRECATED_OBJC_IMPLEMENTATIONS = YES;
				CLANG_WARN_DIRECT_OBJC_ISA_USAGE = YES_ERROR;
				CLANG_WARN_DOCUMENTATION_COMMENTS = YES;
				CLANG_WARN_EMPTY_BODY = YES;
				CLANG_WARN_ENUM_CONVERSION = YES;
				CLANG_WARN_INFINITE_RECURSION = YES;
				CLANG_WARN_INT_CONVERSION = YES;
				CLANG_WARN_NON_LITERAL_NULL_CONVERSION = YES;
				CLANG_WARN_OBJC_IMPLICIT_RETAIN_SELF = YES;
				CLANG_WARN_OBJC_LITERAL_CONVERSION = YES;
				CLANG_WARN_OBJC_ROOT_CLASS = YES_ERROR;
				CLANG_WARN_QUOTED_INCLUDE_IN_FRAMEWORK_HEADER = YES;
				CLANG_WARN_RANGE_LOOP_ANALYSIS = YES;
				CLANG_WARN_STRICT_PROTOTYPES = YES;
				CLANG_WARN_SUSPICIOUS_MOVE = YES;
				CLANG_WARN_UNGUARDED_AVAILABILITY = YES_AGGRESSIVE;
				CLANG_WARN_UNREACHABLE_CODE = YES;
				CLANG_WARN__DUPLICATE_METHOD_MATCH = YES;
				COPY_PHASE_STRIP = NO;
				DEBUG_INFORMATION_FORMAT = dwarf;
				ENABLE_STRICT_OBJC_MSGSEND = YES;
				ENABLE_TESTABILITY = YES;
				GCC_C_LANGUAGE_STANDARD = gnu11;
				GCC_DYNAMIC_NO_PIC = NO;
				GCC_NO_COMMON_BLOCKS = YES;
				GCC_OPTIMIZATION_LEVEL = 0;
				GCC_PREPROCESSOR_DEFINITIONS = (
					"DEBUG=1",
					"$(inherited)",
				);
				GCC_WARN_64_TO_32_BIT_CONVERSION = YES;
				GCC_WARN_ABOUT_RETURN_TYPE = YES_ERROR;
				GCC_WARN_UNDECLARED_SELECTOR = YES;
				GCC_WARN_UNINITIALIZED_AUTOS = YES_AGGRESSIVE;
				GCC_WARN_UNUSED_FUNCTION = YES;
				GCC_WARN_UNUSED_VARIABLE = YES;
				IPHONEOS_DEPLOYMENT_TARGET = 16.0;
				MTL_ENABLE_DEBUG_INFO = INCLUDE_SOURCE;
				MTL_FAST_MATH = YES;
				ONLY_ACTIVE_ARCH = YES;
				SDKROOT = iphoneos;
				SWIFT_ACTIVE_COMPILATION_CONDITIONS = DEBUG;
				SWIFT_OPTIMIZATION_LEVEL = "-Onone";
			};
			name = Debug;
		};
		FC294CD72906AD1500B89C3D /* Release */ = {
			isa = XCBuildConfiguration;
			buildSettings = {
				ALWAYS_SEARCH_USER_PATHS = NO;
				CLANG_ANALYZER_NONNULL = YES;
				CLANG_ANALYZER_NUMBER_OBJECT_CONVERSION = YES_AGGRESSIVE;
				CLANG_CXX_LANGUAGE_STANDARD = "gnu++20";
				CLANG_ENABLE_MODULES = YES;
				CLANG_ENABLE_OBJC_ARC = YES;
				CLANG_ENABLE_OBJC_WEAK = YES;
				CLANG_WARN_BLOCK_CAPTURE_AUTORELEASING = YES;
				CLANG_WARN_BOOL_CONVERSION = YES;
				CLANG_WARN_COMMA = YES;
				CLANG_WARN_CONSTANT_CONVERSION = YES;
				CLANG_WARN_DEPRECATED_OBJC_IMPLEMENTATIONS = YES;
				CLANG_WARN_DIRECT_OBJC_ISA_USAGE = YES_ERROR;
				CLANG_WARN_DOCUMENTATION_COMMENTS = YES;
				CLANG_WARN_EMPTY_BODY = YES;
				CLANG_WARN_ENUM_CONVERSION = YES;
				CLANG_WARN_INFINITE_RECURSION = YES;
				CLANG_WARN_INT_CONVERSION = YES;
				CLANG_WARN_NON_LITERAL_NULL_CONVERSION = YES;
				CLANG_WARN_OBJC_IMPLICIT_RETAIN_SELF = YES;
				CLANG_WARN_OBJC_LITERAL_CONVERSION = YES;
				CLANG_WARN_OBJC_ROOT_CLASS = YES_ERROR;
				CLANG_WARN_QUOTED_INCLUDE_IN_FRAMEWORK_HEADER = YES;
				CLANG_WARN_RANGE_LOOP_ANALYSIS = YES;
				CLANG_WARN_STRICT_PROTOTYPES = YES;
				CLANG_WARN_SUSPICIOUS_MOVE = YES;
				CLANG_WARN_UNGUARDED_AVAILABILITY = YES_AGGRESSIVE;
				CLANG_WARN_UNREACHABLE_CODE = YES;
				CLANG_WARN__DUPLICATE_METHOD_MATCH = YES;
				COPY_PHASE_STRIP = NO;
				DEBUG_INFORMATION_FORMAT = "dwarf-with-dsym";
				ENABLE_NS_ASSERTIONS = NO;
				ENABLE_STRICT_OBJC_MSGSEND = YES;
				GCC_C_LANGUAGE_STANDARD = gnu11;
				GCC_NO_COMMON_BLOCKS = YES;
				GCC_WARN_64_TO_32_BIT_CONVERSION = YES;
				GCC_WARN_ABOUT_RETURN_TYPE = YES_ERROR;
				GCC_WARN_UNDECLARED_SELECTOR = YES;
				GCC_WARN_UNINITIALIZED_AUTOS = YES_AGGRESSIVE;
				GCC_WARN_UNUSED_FUNCTION = YES;
				GCC_WARN_UNUSED_VARIABLE = YES;
				IPHONEOS_DEPLOYMENT_TARGET = 16.0;
				MTL_ENABLE_DEBUG_INFO = NO;
				MTL_FAST_MATH = YES;
				SDKROOT = iphoneos;
				SWIFT_COMPILATION_MODE = wholemodule;
				SWIFT_OPTIMIZATION_LEVEL = "-O";
				VALIDATE_PRODUCT = YES;
			};
			name = Release;
		};
		FC294CD92906AD1500B89C3D /* Debug */ = {
			isa = XCBuildConfiguration;
			buildSettings = {
				ASSETCATALOG_COMPILER_APPICON_NAME = AppIcon;
				ASSETCATALOG_COMPILER_GLOBAL_ACCENT_COLOR_NAME = AccentColor;
				CODE_SIGN_STYLE = Automatic;
				CURRENT_PROJECT_VERSION = 1;
				DEVELOPMENT_TEAM = 9GK86MSB7G;
				GENERATE_INFOPLIST_FILE = YES;
				INFOPLIST_FILE = "Children Info/Info.plist";
				INFOPLIST_KEY_UIApplicationSupportsIndirectInputEvents = YES;
				INFOPLIST_KEY_UILaunchStoryboardName = LaunchScreen;
				INFOPLIST_KEY_UIMainStoryboardFile = Main;
				INFOPLIST_KEY_UISupportedInterfaceOrientations_iPad = "UIInterfaceOrientationPortrait UIInterfaceOrientationPortraitUpsideDown UIInterfaceOrientationLandscapeLeft UIInterfaceOrientationLandscapeRight";
				INFOPLIST_KEY_UISupportedInterfaceOrientations_iPhone = "UIInterfaceOrientationPortrait UIInterfaceOrientationLandscapeLeft UIInterfaceOrientationLandscapeRight";
				LD_RUNPATH_SEARCH_PATHS = (
					"$(inherited)",
					"@executable_path/Frameworks",
				);
				MARKETING_VERSION = 1.0;
				PRODUCT_BUNDLE_IDENTIFIER = "com.olgashubina.Children-Info";
				PRODUCT_NAME = "$(TARGET_NAME)";
				SWIFT_EMIT_LOC_STRINGS = YES;
				SWIFT_VERSION = 5.0;
				TARGETED_DEVICE_FAMILY = "1,2";
			};
			name = Debug;
		};
		FC294CDA2906AD1500B89C3D /* Release */ = {
			isa = XCBuildConfiguration;
			buildSettings = {
				ASSETCATALOG_COMPILER_APPICON_NAME = AppIcon;
				ASSETCATALOG_COMPILER_GLOBAL_ACCENT_COLOR_NAME = AccentColor;
				CODE_SIGN_STYLE = Automatic;
				CURRENT_PROJECT_VERSION = 1;
				DEVELOPMENT_TEAM = 9GK86MSB7G;
				GENERATE_INFOPLIST_FILE = YES;
				INFOPLIST_FILE = "Children Info/Info.plist";
				INFOPLIST_KEY_UIApplicationSupportsIndirectInputEvents = YES;
				INFOPLIST_KEY_UILaunchStoryboardName = LaunchScreen;
				INFOPLIST_KEY_UIMainStoryboardFile = Main;
				INFOPLIST_KEY_UISupportedInterfaceOrientations_iPad = "UIInterfaceOrientationPortrait UIInterfaceOrientationPortraitUpsideDown UIInterfaceOrientationLandscapeLeft UIInterfaceOrientationLandscapeRight";
				INFOPLIST_KEY_UISupportedInterfaceOrientations_iPhone = "UIInterfaceOrientationPortrait UIInterfaceOrientationLandscapeLeft UIInterfaceOrientationLandscapeRight";
				LD_RUNPATH_SEARCH_PATHS = (
					"$(inherited)",
					"@executable_path/Frameworks",
				);
				MARKETING_VERSION = 1.0;
				PRODUCT_BUNDLE_IDENTIFIER = "com.olgashubina.Children-Info";
				PRODUCT_NAME = "$(TARGET_NAME)";
				SWIFT_EMIT_LOC_STRINGS = YES;
				SWIFT_VERSION = 5.0;
				TARGETED_DEVICE_FAMILY = "1,2";
			};
			name = Release;
		};
/* End XCBuildConfiguration section */

/* Begin XCConfigurationList section */
		FC294CBC2906AD1200B89C3D /* Build configuration list for PBXProject "Children Info" */ = {
			isa = XCConfigurationList;
			buildConfigurations = (
				FC294CD62906AD1500B89C3D /* Debug */,
				FC294CD72906AD1500B89C3D /* Release */,
			);
			defaultConfigurationIsVisible = 0;
			defaultConfigurationName = Release;
		};
		FC294CD82906AD1500B89C3D /* Build configuration list for PBXNativeTarget "Children Info" */ = {
			isa = XCConfigurationList;
			buildConfigurations = (
				FC294CD92906AD1500B89C3D /* Debug */,
				FC294CDA2906AD1500B89C3D /* Release */,
			);
			defaultConfigurationIsVisible = 0;
			defaultConfigurationName = Release;
		};
/* End XCConfigurationList section */
	};
	rootObject = FC294CB92906AD1200B89C3D /* Project object */;
}
